
Microsoft Visual Studio Solution File, Format Version 12.00
# Visual Studio 15
VisualStudioVersion = 15.0.28307.136
MinimumVisualStudioVersion = 10.0.40219.1
Project("{FAE04EC0-301F-11D3-BF4B-00C04F79EFBC}") = "QL_Baixe_app", "QL_Baixe_app\QL_Baixe_app.csproj", "{FAE2F0C7-2E28-46BA-A897-9EACA0D3FCF1}"
EndProject
Global
	GlobalSection(SolutionConfigurationPlatforms) = preSolution
		Debug|Any CPU = Debug|Any CPU
		Release|Any CPU = Release|Any CPU
	EndGlobalSection
	GlobalSection(ProjectConfigurationPlatforms) = postSolution
		{FAE2F0C7-2E28-46BA-A897-9EACA0D3FCF1}.Debug|Any CPU.ActiveCfg = Debug|Any CPU
		{FAE2F0C7-2E28-46BA-A897-9EACA0D3FCF1}.Debug|Any CPU.Build.0 = Debug|Any CPU
		{FAE2F0C7-2E28-46BA-A897-9EACA0D3FCF1}.Release|Any CPU.ActiveCfg = Release|Any CPU
		{FAE2F0C7-2E28-46BA-A897-9EACA0D3FCF1}.Release|Any CPU.Build.0 = Release|Any CPU
	EndGlobalSection
	GlobalSection(SolutionProperties) = preSolution
		HideSolutionNode = FALSE
	EndGlobalSection
	GlobalSection(ExtensibilityGlobals) = postSolution
		SolutionGuid = {2CF2ED8C-FEFC-4EBA-A018-FFC0BB3B9A89}
	EndGlobalSection
EndGlobal
